PODS:
  - common_ios (0.1.0)
  - FBSnapshotTestCase (2.1.4):
    - FBSnapshotTestCase/SwiftSupport (= 2.1.4)
  - FBSnapshotTestCase/Core (2.1.4)
  - FBSnapshotTestCase/SwiftSupport (2.1.4):
    - FBSnapshotTestCase/Core

DEPENDENCIES:
  - common_ios (from `../`)
  - FBSnapshotTestCase

SPEC REPOS:
  trunk:
    - FBSnapshotTestCase

EXTERNAL SOURCES:
  common_ios:
    :path: "../"

SPEC CHECKSUMS:
  common_ios: bf0589292ed41bd1e35dca750128ebb622d1224a
  FBSnapshotTestCase: 094f9f314decbabe373b87cc339bea235a63e07a

PODFILE CHECKSUM: 2b78beb0570bc915d2fd8037ea4c6650117a733d

COCOAPODS: 1.9.1
