PODS:
  - common_ios (1.0.1):
    - Flutter
  - FBSnapshotTestCase (2.1.4):
    - FBSnapshotTestCase/SwiftSupport (= 2.1.4)
  - FBSnapshotTestCase/Core (2.1.4)
  - FBSnapshotTestCase/SwiftSupport (2.1.4):
    - FBSnapshotTestCase/Core
  - Flutter (1.12.1307)

DEPENDENCIES:
  - common_ios (from `../`)
  - FBSnapshotTestCase

SPEC REPOS:
  trunk:
    - FBSnapshotTestCase
    - Flutter

EXTERNAL SOURCES:
  common_ios:
    :path: "../"

SPEC CHECKSUMS:
  common_ios: 85f65a05b88eb9b8a0172b96cde38fdcbb812c7e
  FBSnapshotTestCase: 094f9f314decbabe373b87cc339bea235a63e07a
  Flutter: 7e981e1a48e101cdfbf77ba3e484cd50508d56b3

PODFILE CHECKSUM: 5be986088e84e4ab3a5737160f1d455c1e7bb167

COCOAPODS: 1.9.1
